
Microsoft Visual Studio Solution File, Format Version 12.00
# Visual Studio 15
VisualStudioVersion = 15.0.28307.421
MinimumVisualStudioVersion = 10.0.40219.1
Project("{FAE04EC0-301F-11D3-BF4B-00C04F79EFBC}") = "Assignement1", "Assignement1\Assignement1.csproj", "{A36B9F54-9DE1-4F6D-A178-A325962102CB}"
EndProject
Global
	GlobalSection(SolutionConfigurationPlatforms) = preSolution
		Debug|Any CPU = Debug|Any CPU
		Release|Any CPU = Release|Any CPU
	EndGlobalSection
	GlobalSection(ProjectConfigurationPlatforms) = postSolution
		{A36B9F54-9DE1-4F6D-A178-A325962102CB}.Debug|Any CPU.ActiveCfg = Debug|Any CPU
		{A36B9F54-9DE1-4F6D-A178-A325962102CB}.Debug|Any CPU.Build.0 = Debug|Any CPU
		{A36B9F54-9DE1-4F6D-A178-A325962102CB}.Release|Any CPU.ActiveCfg = Release|Any CPU
		{A36B9F54-9DE1-4F6D-A178-A325962102CB}.Release|Any CPU.Build.0 = Release|Any CPU
	EndGlobalSection
	GlobalSection(SolutionProperties) = preSolution
		HideSolutionNode = FALSE
	EndGlobalSection
	GlobalSection(ExtensibilityGlobals) = postSolution
		SolutionGuid = {1F376A73-D6E2-48B5-9466-944C360FB1D1}
	EndGlobalSection
EndGlobal
